
Microsoft Visual Studio Solution File, Format Version 12.00
# Visual Studio Version 17
VisualStudioVersion = 17.0.32014.148
MinimumVisualStudioVersion = 10.0.40219.1
Project("{2150E333-8FDC-42A3-9474-1A3956D46DE8}") = "1. Core", "1. Core", "{1E524427-9DDA-4241-8A5F-01F0E0E152FC}"
EndProject
Project("{2150E333-8FDC-42A3-9474-1A3956D46DE8}") = "2. Infra", "2. Infra", "{A990234A-6D80-437F-9274-62B6A6A8BEC8}"
EndProject
Project("{2150E333-8FDC-42A3-9474-1A3956D46DE8}") = "3. Endpoints", "3. Endpoints", "{81DE7253-0AB5-4E48-8614-759C04CAE244}"
EndProject
Project("{2150E333-8FDC-42A3-9474-1A3956D46DE8}") = "src", "src", "{0F1C1A26-926C-4719-9574-360E6E0FDBE6}"
EndProject
Project("{2150E333-8FDC-42A3-9474-1A3956D46DE8}") = "test", "test", "{90B6D9C3-00FE-4395-A9AF-ADEBCFDF1641}"
EndProject
Project("{2150E333-8FDC-42A3-9474-1A3956D46DE8}") = "1. Core", "1. Core", "{7D0EBCBE-23F7-48E3-9E2A-0ED3F2B4283F}"
EndProject
Project("{2150E333-8FDC-42A3-9474-1A3956D46DE8}") = "2. Infra", "2. Infra", "{C99C494A-6A81-45FA-B5FC-98C3E0746CDA}"
EndProject
Project("{2150E333-8FDC-42A3-9474-1A3956D46DE8}") = "3. Endpoint", "3. Endpoint", "{370E230E-0353-4E15-8F48-B1BD07290B84}"
EndProject
Project("{9A19103F-16F7-4668-BE54-9A1E7A4F7556}") = "BasicInfo.Core.Domain", "src\1.Core\BasicInfo.Core.Domain\BasicInfo.Core.Domain.csproj", "{6341021A-96ED-4A55-81E1-8E8744393CEE}"
EndProject
Project("{9A19103F-16F7-4668-BE54-9A1E7A4F7556}") = "BasicInfo.Core.Contracts", "src\1.Core\BasicInfo.Core.Contracts\BasicInfo.Core.Contracts.csproj", "{101E10AE-1342-4A4C-BC3F-F28F976F889B}"
EndProject
Project("{2150E333-8FDC-42A3-9474-1A3956D46DE8}") = "Data", "Data", "{32B42A7E-3C12-44B7-ADA9-41294B12820A}"
EndProject
Project("{9A19103F-16F7-4668-BE54-9A1E7A4F7556}") = "BasicInfo.Infra.Data.Sql.Commands", "src\2.Infra\Data\BasicInfo.Infra.Data.Sql.Commands\BasicInfo.Infra.Data.Sql.Commands.csproj", "{13009470-42B7-4157-990D-FCD0F952F593}"
EndProject
Project("{9A19103F-16F7-4668-BE54-9A1E7A4F7556}") = "BasicInfo.Infra.Data.Sql.Queries", "src\2.Infra\Data\BasicInfo.Infra.Data.Sql.Queries\BasicInfo.Infra.Data.Sql.Queries.csproj", "{0F4D94A9-ECF2-4480-9793-1BA8A7D701F3}"
EndProject
Project("{9A19103F-16F7-4668-BE54-9A1E7A4F7556}") = "BasicInfo.Endpoints.API", "src\3.Endpoints\BasicInfo.Endpoints.API\BasicInfo.Endpoints.API.csproj", "{D714E7CC-CA2F-4C5C-BBB8-66EECF1ED228}"
EndProject
Project("{9A19103F-16F7-4668-BE54-9A1E7A4F7556}") = "BasicInfo.Core.ApplicationService", "src\1.Core\BasicInfo.Core.ApplicationService\BasicInfo.Core.ApplicationService.csproj", "{1205F81F-5FCA-4507-BD06-344589078FEA}"
EndProject
Project("{FAE04EC0-301F-11D3-BF4B-00C04F79EFBC}") = "BasicInfo.Core.Domain.Test", "test\1.Core\BasicInfo.Core.Domain.Test\BasicInfo.Core.Domain.Test.csproj", "{985B8F97-1A2E-49EF-934D-903039140F61}"
EndProject
Global
	GlobalSection(SolutionConfigurationPlatforms) = preSolution
		Debug|Any CPU = Debug|Any CPU
		Release|Any CPU = Release|Any CPU
	EndGlobalSection
	GlobalSection(ProjectConfigurationPlatforms) = postSolution
		{6341021A-96ED-4A55-81E1-8E8744393CEE}.Debug|Any CPU.ActiveCfg = Debug|Any CPU
		{6341021A-96ED-4A55-81E1-8E8744393CEE}.Debug|Any CPU.Build.0 = Debug|Any CPU
		{6341021A-96ED-4A55-81E1-8E8744393CEE}.Release|Any CPU.ActiveCfg = Release|Any CPU
		{6341021A-96ED-4A55-81E1-8E8744393CEE}.Release|Any CPU.Build.0 = Release|Any CPU
		{101E10AE-1342-4A4C-BC3F-F28F976F889B}.Debug|Any CPU.ActiveCfg = Debug|Any CPU
		{101E10AE-1342-4A4C-BC3F-F28F976F889B}.Debug|Any CPU.Build.0 = Debug|Any CPU
		{101E10AE-1342-4A4C-BC3F-F28F976F889B}.Release|Any CPU.ActiveCfg = Release|Any CPU
		{101E10AE-1342-4A4C-BC3F-F28F976F889B}.Release|Any CPU.Build.0 = Release|Any CPU
		{13009470-42B7-4157-990D-FCD0F952F593}.Debug|Any CPU.ActiveCfg = Debug|Any CPU
		{13009470-42B7-4157-990D-FCD0F952F593}.Debug|Any CPU.Build.0 = Debug|Any CPU
		{13009470-42B7-4157-990D-FCD0F952F593}.Release|Any CPU.ActiveCfg = Release|Any CPU
		{13009470-42B7-4157-990D-FCD0F952F593}.Release|Any CPU.Build.0 = Release|Any CPU
		{0F4D94A9-ECF2-4480-9793-1BA8A7D701F3}.Debug|Any CPU.ActiveCfg = Debug|Any CPU
		{0F4D94A9-ECF2-4480-9793-1BA8A7D701F3}.Debug|Any CPU.Build.0 = Debug|Any CPU
		{0F4D94A9-ECF2-4480-9793-1BA8A7D701F3}.Release|Any CPU.ActiveCfg = Release|Any CPU
		{0F4D94A9-ECF2-4480-9793-1BA8A7D701F3}.Release|Any CPU.Build.0 = Release|Any CPU
		{D714E7CC-CA2F-4C5C-BBB8-66EECF1ED228}.Debug|Any CPU.ActiveCfg = Debug|Any CPU
		{D714E7CC-CA2F-4C5C-BBB8-66EECF1ED228}.Debug|Any CPU.Build.0 = Debug|Any CPU
		{D714E7CC-CA2F-4C5C-BBB8-66EECF1ED228}.Release|Any CPU.ActiveCfg = Release|Any CPU
		{D714E7CC-CA2F-4C5C-BBB8-66EECF1ED228}.Release|Any CPU.Build.0 = Release|Any CPU
		{1205F81F-5FCA-4507-BD06-344589078FEA}.Debug|Any CPU.ActiveCfg = Debug|Any CPU
		{1205F81F-5FCA-4507-BD06-344589078FEA}.Debug|Any CPU.Build.0 = Debug|Any CPU
		{1205F81F-5FCA-4507-BD06-344589078FEA}.Release|Any CPU.ActiveCfg = Release|Any CPU
		{1205F81F-5FCA-4507-BD06-344589078FEA}.Release|Any CPU.Build.0 = Release|Any CPU
		{985B8F97-1A2E-49EF-934D-903039140F61}.Debug|Any CPU.ActiveCfg = Debug|Any CPU
		{985B8F97-1A2E-49EF-934D-903039140F61}.Debug|Any CPU.Build.0 = Debug|Any CPU
		{985B8F97-1A2E-49EF-934D-903039140F61}.Release|Any CPU.ActiveCfg = Release|Any CPU
		{985B8F97-1A2E-49EF-934D-903039140F61}.Release|Any CPU.Build.0 = Release|Any CPU
	EndGlobalSection
	GlobalSection(SolutionProperties) = preSolution
		HideSolutionNode = FALSE
	EndGlobalSection
	GlobalSection(NestedProjects) = preSolution
		{1E524427-9DDA-4241-8A5F-01F0E0E152FC} = {0F1C1A26-926C-4719-9574-360E6E0FDBE6}
		{A990234A-6D80-437F-9274-62B6A6A8BEC8} = {0F1C1A26-926C-4719-9574-360E6E0FDBE6}
		{81DE7253-0AB5-4E48-8614-759C04CAE244} = {0F1C1A26-926C-4719-9574-360E6E0FDBE6}
		{7D0EBCBE-23F7-48E3-9E2A-0ED3F2B4283F} = {90B6D9C3-00FE-4395-A9AF-ADEBCFDF1641}
		{C99C494A-6A81-45FA-B5FC-98C3E0746CDA} = {90B6D9C3-00FE-4395-A9AF-ADEBCFDF1641}
		{370E230E-0353-4E15-8F48-B1BD07290B84} = {90B6D9C3-00FE-4395-A9AF-ADEBCFDF1641}
		{6341021A-96ED-4A55-81E1-8E8744393CEE} = {1E524427-9DDA-4241-8A5F-01F0E0E152FC}
		{101E10AE-1342-4A4C-BC3F-F28F976F889B} = {1E524427-9DDA-4241-8A5F-01F0E0E152FC}
		{32B42A7E-3C12-44B7-ADA9-41294B12820A} = {A990234A-6D80-437F-9274-62B6A6A8BEC8}
		{13009470-42B7-4157-990D-FCD0F952F593} = {32B42A7E-3C12-44B7-ADA9-41294B12820A}
		{0F4D94A9-ECF2-4480-9793-1BA8A7D701F3} = {32B42A7E-3C12-44B7-ADA9-41294B12820A}
		{D714E7CC-CA2F-4C5C-BBB8-66EECF1ED228} = {81DE7253-0AB5-4E48-8614-759C04CAE244}
		{1205F81F-5FCA-4507-BD06-344589078FEA} = {1E524427-9DDA-4241-8A5F-01F0E0E152FC}
		{985B8F97-1A2E-49EF-934D-903039140F61} = {7D0EBCBE-23F7-48E3-9E2A-0ED3F2B4283F}
	EndGlobalSection
	GlobalSection(ExtensibilityGlobals) = postSolution
		SolutionGuid = {07B7D400-5E74-48AF-A2B5-2FC92393384D}
	EndGlobalSection
EndGlobal
