
Microsoft Visual Studio Solution File, Format Version 12.00
# Visual Studio Version 17
VisualStudioVersion = 17.1.32210.238
MinimumVisualStudioVersion = 10.0.40219.1
Project("{FAE04EC0-301F-11D3-BF4B-00C04F79EFBC}") = "AggregatesSamples.Introdutions", "AggregatesSamples.Introdutions\AggregatesSamples.Introdutions.csproj", "{FC0FFD45-2A6D-4939-BEA2-D5DE7796CA2C}"
EndProject
Project("{FAE04EC0-301F-11D3-BF4B-00C04F79EFBC}") = "AggregatesSamples.Framework", "AggregatesSamples.Framework\AggregatesSamples.Framework.csproj", "{C4FFC141-E93F-4DEA-B4D4-C4337AC5D227}"
EndProject
Global
	GlobalSection(SolutionConfigurationPlatforms) = preSolution
		Debug|Any CPU = Debug|Any CPU
		Release|Any CPU = Release|Any CPU
	EndGlobalSection
	GlobalSection(ProjectConfigurationPlatforms) = postSolution
		{FC0FFD45-2A6D-4939-BEA2-D5DE7796CA2C}.Debug|Any CPU.ActiveCfg = Debug|Any CPU
		{FC0FFD45-2A6D-4939-BEA2-D5DE7796CA2C}.Debug|Any CPU.Build.0 = Debug|Any CPU
		{FC0FFD45-2A6D-4939-BEA2-D5DE7796CA2C}.Release|Any CPU.ActiveCfg = Release|Any CPU
		{FC0FFD45-2A6D-4939-BEA2-D5DE7796CA2C}.Release|Any CPU.Build.0 = Release|Any CPU
		{C4FFC141-E93F-4DEA-B4D4-C4337AC5D227}.Debug|Any CPU.ActiveCfg = Debug|Any CPU
		{C4FFC141-E93F-4DEA-B4D4-C4337AC5D227}.Debug|Any CPU.Build.0 = Debug|Any CPU
		{C4FFC141-E93F-4DEA-B4D4-C4337AC5D227}.Release|Any CPU.ActiveCfg = Release|Any CPU
		{C4FFC141-E93F-4DEA-B4D4-C4337AC5D227}.Release|Any CPU.Build.0 = Release|Any CPU
	EndGlobalSection
	GlobalSection(SolutionProperties) = preSolution
		HideSolutionNode = FALSE
	EndGlobalSection
	GlobalSection(ExtensibilityGlobals) = postSolution
		SolutionGuid = {1DD2D2EC-AE45-49A0-B913-2FCDC149FFC0}
	EndGlobalSection
EndGlobal
