
Microsoft Visual Studio Solution File, Format Version 12.00
# Visual Studio Version 17
VisualStudioVersion = 17.4.33110.190
MinimumVisualStudioVersion = 10.0.40219.1
Project("{FAE04EC0-301F-11D3-BF4B-00C04F79EFBC}") = "ObservabilitySamples.MetricSamples", "ObservabilitySamples.MetricSamples\ObservabilitySamples.MetricSamples.csproj", "{556493BB-DC29-4597-ACBA-9F611FF9A8CC}"
EndProject
Project("{FAE04EC0-301F-11D3-BF4B-00C04F79EFBC}") = "ObservabilitySamples.API01", "ObservabilitySamples.API01\ObservabilitySamples.API01.csproj", "{8F7AE780-DE80-48C5-8414-029B903F98C5}"
EndProject
Project("{FAE04EC0-301F-11D3-BF4B-00C04F79EFBC}") = "ObservabilitySamples.API2", "ObservabilitySamples.API2\ObservabilitySamples.API2.csproj", "{7D7169B4-1DF4-4392-97B1-B0E2D6BE743F}"
EndProject
Global
	GlobalSection(SolutionConfigurationPlatforms) = preSolution
		Debug|Any CPU = Debug|Any CPU
		Release|Any CPU = Release|Any CPU
	EndGlobalSection
	GlobalSection(ProjectConfigurationPlatforms) = postSolution
		{556493BB-DC29-4597-ACBA-9F611FF9A8CC}.Debug|Any CPU.ActiveCfg = Debug|Any CPU
		{556493BB-DC29-4597-ACBA-9F611FF9A8CC}.Debug|Any CPU.Build.0 = Debug|Any CPU
		{556493BB-DC29-4597-ACBA-9F611FF9A8CC}.Release|Any CPU.ActiveCfg = Release|Any CPU
		{556493BB-DC29-4597-ACBA-9F611FF9A8CC}.Release|Any CPU.Build.0 = Release|Any CPU
		{8F7AE780-DE80-48C5-8414-029B903F98C5}.Debug|Any CPU.ActiveCfg = Debug|Any CPU
		{8F7AE780-DE80-48C5-8414-029B903F98C5}.Debug|Any CPU.Build.0 = Debug|Any CPU
		{8F7AE780-DE80-48C5-8414-029B903F98C5}.Release|Any CPU.ActiveCfg = Release|Any CPU
		{8F7AE780-DE80-48C5-8414-029B903F98C5}.Release|Any CPU.Build.0 = Release|Any CPU
		{7D7169B4-1DF4-4392-97B1-B0E2D6BE743F}.Debug|Any CPU.ActiveCfg = Debug|Any CPU
		{7D7169B4-1DF4-4392-97B1-B0E2D6BE743F}.Debug|Any CPU.Build.0 = Debug|Any CPU
		{7D7169B4-1DF4-4392-97B1-B0E2D6BE743F}.Release|Any CPU.ActiveCfg = Release|Any CPU
		{7D7169B4-1DF4-4392-97B1-B0E2D6BE743F}.Release|Any CPU.Build.0 = Release|Any CPU
	EndGlobalSection
	GlobalSection(SolutionProperties) = preSolution
		HideSolutionNode = FALSE
	EndGlobalSection
	GlobalSection(ExtensibilityGlobals) = postSolution
		SolutionGuid = {1836B74E-84BB-482C-AA6C-3081D9C65B99}
	EndGlobalSection
EndGlobal
