
Microsoft Visual Studio Solution File, Format Version 12.00
# Visual Studio Version 17
VisualStudioVersion = 17.1.32210.238
MinimumVisualStudioVersion = 10.0.40219.1
Project("{FAE04EC0-301F-11D3-BF4B-00C04F79EFBC}") = "RepositorySamples.Framework", "RepositorySamples.Framework\RepositorySamples.Framework.csproj", "{51F9A424-D339-49E3-B14E-C086B00661FC}"
EndProject
Project("{FAE04EC0-301F-11D3-BF4B-00C04F79EFBC}") = "RepositorySamples.Domain", "RepositorySamples.Domain\RepositorySamples.Domain.csproj", "{63869621-89E5-41ED-B282-4CF43BD87B71}"
EndProject
Project("{FAE04EC0-301F-11D3-BF4B-00C04F79EFBC}") = "RepositorySamples.DAL", "RepositorySamples.DAL\RepositorySamples.DAL.csproj", "{B2125C51-5ABB-40E6-9333-16BD73278303}"
EndProject
Project("{FAE04EC0-301F-11D3-BF4B-00C04F79EFBC}") = "RepositorySamples.API", "RepositorySamples.API\RepositorySamples.API.csproj", "{5D7D68CF-2C40-4724-B19A-DDADCA52CCE1}"
EndProject
Global
	GlobalSection(SolutionConfigurationPlatforms) = preSolution
		Debug|Any CPU = Debug|Any CPU
		Release|Any CPU = Release|Any CPU
	EndGlobalSection
	GlobalSection(ProjectConfigurationPlatforms) = postSolution
		{51F9A424-D339-49E3-B14E-C086B00661FC}.Debug|Any CPU.ActiveCfg = Debug|Any CPU
		{51F9A424-D339-49E3-B14E-C086B00661FC}.Debug|Any CPU.Build.0 = Debug|Any CPU
		{51F9A424-D339-49E3-B14E-C086B00661FC}.Release|Any CPU.ActiveCfg = Release|Any CPU
		{51F9A424-D339-49E3-B14E-C086B00661FC}.Release|Any CPU.Build.0 = Release|Any CPU
		{63869621-89E5-41ED-B282-4CF43BD87B71}.Debug|Any CPU.ActiveCfg = Debug|Any CPU
		{63869621-89E5-41ED-B282-4CF43BD87B71}.Debug|Any CPU.Build.0 = Debug|Any CPU
		{63869621-89E5-41ED-B282-4CF43BD87B71}.Release|Any CPU.ActiveCfg = Release|Any CPU
		{63869621-89E5-41ED-B282-4CF43BD87B71}.Release|Any CPU.Build.0 = Release|Any CPU
		{B2125C51-5ABB-40E6-9333-16BD73278303}.Debug|Any CPU.ActiveCfg = Debug|Any CPU
		{B2125C51-5ABB-40E6-9333-16BD73278303}.Debug|Any CPU.Build.0 = Debug|Any CPU
		{B2125C51-5ABB-40E6-9333-16BD73278303}.Release|Any CPU.ActiveCfg = Release|Any CPU
		{B2125C51-5ABB-40E6-9333-16BD73278303}.Release|Any CPU.Build.0 = Release|Any CPU
		{5D7D68CF-2C40-4724-B19A-DDADCA52CCE1}.Debug|Any CPU.ActiveCfg = Debug|Any CPU
		{5D7D68CF-2C40-4724-B19A-DDADCA52CCE1}.Debug|Any CPU.Build.0 = Debug|Any CPU
		{5D7D68CF-2C40-4724-B19A-DDADCA52CCE1}.Release|Any CPU.ActiveCfg = Release|Any CPU
		{5D7D68CF-2C40-4724-B19A-DDADCA52CCE1}.Release|Any CPU.Build.0 = Release|Any CPU
	EndGlobalSection
	GlobalSection(SolutionProperties) = preSolution
		HideSolutionNode = FALSE
	EndGlobalSection
	GlobalSection(ExtensibilityGlobals) = postSolution
		SolutionGuid = {7EB7A2B0-D8DD-4E77-9B25-A2BBC7D74199}
	EndGlobalSection
EndGlobal
