
Microsoft Visual Studio Solution File, Format Version 12.00
# Visual Studio Version 17
VisualStudioVersion = 17.1.32210.238
MinimumVisualStudioVersion = 10.0.40219.1
Project("{FAE04EC0-301F-11D3-BF4B-00C04F79EFBC}") = "DomainModelingBuildingBlocks", "08. DomainModelingBuildingBlocks\DomainModelingBuildingBlocks.csproj", "{6DE09C0F-A6A3-42B4-B17C-3627FE51593C}"
EndProject
Global
	GlobalSection(SolutionConfigurationPlatforms) = preSolution
		Debug|Any CPU = Debug|Any CPU
		Release|Any CPU = Release|Any CPU
	EndGlobalSection
	GlobalSection(ProjectConfigurationPlatforms) = postSolution
		{6DE09C0F-A6A3-42B4-B17C-3627FE51593C}.Debug|Any CPU.ActiveCfg = Debug|Any CPU
		{6DE09C0F-A6A3-42B4-B17C-3627FE51593C}.Debug|Any CPU.Build.0 = Debug|Any CPU
		{6DE09C0F-A6A3-42B4-B17C-3627FE51593C}.Release|Any CPU.ActiveCfg = Release|Any CPU
		{6DE09C0F-A6A3-42B4-B17C-3627FE51593C}.Release|Any CPU.Build.0 = Release|Any CPU
	EndGlobalSection
	GlobalSection(SolutionProperties) = preSolution
		HideSolutionNode = FALSE
	EndGlobalSection
	GlobalSection(ExtensibilityGlobals) = postSolution
		SolutionGuid = {E369CAC4-5B5A-4BB0-B870-32B353CB16B2}
	EndGlobalSection
EndGlobal
