
Microsoft Visual Studio Solution File, Format Version 12.00
# Visual Studio Version 17
VisualStudioVersion = 17.1.32210.238
MinimumVisualStudioVersion = 10.0.40219.1
Project("{2150E333-8FDC-42A3-9474-1A3956D46DE8}") = "src", "src", "{C45A6A4F-EA86-40B3-BBE3-35BCC342F686}"
EndProject
Project("{2150E333-8FDC-42A3-9474-1A3956D46DE8}") = "test", "test", "{D4A8B608-A547-48D5-90F8-B5C4FFEE2668}"
EndProject
Project("{2150E333-8FDC-42A3-9474-1A3956D46DE8}") = "samples", "samples", "{D7F25E1E-24E9-4531-BAEA-2DBF22E6D155}"
EndProject
Project("{2150E333-8FDC-42A3-9474-1A3956D46DE8}") = "1.Utilities", "1.Utilities", "{21E22193-219F-45C0-8737-F3E5BDA11E25}"
EndProject
Project("{2150E333-8FDC-42A3-9474-1A3956D46DE8}") = "2.Core", "2.Core", "{68F813A6-DA3C-4BCF-BAF9-8FCBB6F824C0}"
EndProject
Project("{2150E333-8FDC-42A3-9474-1A3956D46DE8}") = "3.Infra", "3.Infra", "{5C546009-158B-4E04-9F3D-C4943859C21D}"
EndProject
Project("{2150E333-8FDC-42A3-9474-1A3956D46DE8}") = "4.EndPoints", "4.EndPoints", "{09DCB7D4-B1E0-4BCA-8650-8C921C3F4CA3}"
EndProject
Project("{2150E333-8FDC-42A3-9474-1A3956D46DE8}") = "1.Core", "1.Core", "{A1F893F7-6FF0-4023-BCCB-E33A29EA1CCB}"
EndProject
Project("{2150E333-8FDC-42A3-9474-1A3956D46DE8}") = "2.Infra", "2.Infra", "{E8B60F9D-B2BB-4753-94F6-32BB64189A34}"
EndProject
Project("{2150E333-8FDC-42A3-9474-1A3956D46DE8}") = "3.EndPoints", "3.EndPoints", "{09EAD1A0-99C1-4E9E-8C2E-6E93A56F18E7}"
EndProject
Project("{2150E333-8FDC-42A3-9474-1A3956D46DE8}") = "Data", "Data", "{4C877E3F-56AD-4795-894B-885ED66665AF}"
EndProject
Project("{9A19103F-16F7-4668-BE54-9A1E7A4F7556}") = "Earth.Utilities", "src\1.Utilities\Earth.Utilities\Earth.Utilities.csproj", "{87DA1141-4CD6-424F-8D7F-7D4B103D4ECE}"
EndProject
Project("{9A19103F-16F7-4668-BE54-9A1E7A4F7556}") = "Earth.Core.Domain", "src\2.Core\Earth.Core.Domain\Earth.Core.Domain.csproj", "{70482B12-6FE4-4885-8EF7-36ABC7BC0A44}"
EndProject
Project("{9A19103F-16F7-4668-BE54-9A1E7A4F7556}") = "Earth.Core.Contracts", "src\2.Core\Earth.Core.Contracts\Earth.Core.Contracts.csproj", "{87E67C33-74AF-406D-8FAB-DA83D763CB04}"
EndProject
Project("{9A19103F-16F7-4668-BE54-9A1E7A4F7556}") = "Earth.Core.ApplicationServices", "src\2.Core\Earth.Core.ApplicationServices\Earth.Core.ApplicationServices.csproj", "{DD89CFBA-C3C1-46BB-A639-35A54472859F}"
EndProject
Project("{FAE04EC0-301F-11D3-BF4B-00C04F79EFBC}") = "Earth.Infra.Data.Sql.Commands", "src\3.Infra\Data\Earth.Infra.Data.Sql.Commands\Earth.Infra.Data.Sql.Commands.csproj", "{C54F1375-853C-4839-BDFD-F5088515862C}"
EndProject
Project("{FAE04EC0-301F-11D3-BF4B-00C04F79EFBC}") = "Earth.Infra.Data.Sql.Queries", "src\3.Infra\Data\Earth.Infra.Data.Sql.Queries\Earth.Infra.Data.Sql.Queries.csproj", "{72D0F2EF-2B12-46E3-A2B7-FC47B658C74D}"
EndProject
Project("{FAE04EC0-301F-11D3-BF4B-00C04F79EFBC}") = "Earth.Infra.Data.Sql", "src\3.Infra\Data\Earth.Infra.Data.Sql\Earth.Infra.Data.Sql.csproj", "{EFCC0646-42DE-47A9-A76D-B0A1B86C5809}"
EndProject
Project("{FAE04EC0-301F-11D3-BF4B-00C04F79EFBC}") = "Earth.Endpoints.WebApi", "src\4.EndPoints\Earth.Endpoints.WebApi\Earth.Endpoints.WebApi.csproj", "{BE7F0336-08AC-463C-9290-45A69C5B696C}"
EndProject
Project("{FAE04EC0-301F-11D3-BF4B-00C04F79EFBC}") = "Earth.Samples.Core.Domain", "samples\1.Core\Earth.Sample.Core.Domain\Earth.Samples.Core.Domain.csproj", "{21BE85B3-A669-4CCE-B13B-DADABCD84F5C}"
EndProject
Project("{FAE04EC0-301F-11D3-BF4B-00C04F79EFBC}") = "Earth.Samples.Core.Contracts", "samples\1.Core\Earth.Samples.Core.Contracts\Earth.Samples.Core.Contracts.csproj", "{1B50F7DC-1CAD-425A-B4F3-92821F22E3BC}"
EndProject
Project("{FAE04EC0-301F-11D3-BF4B-00C04F79EFBC}") = "Earth.Samples.Core.ApplicationServices", "samples\1.Core\Earth.Samples.Core.ApplicationServices\Earth.Samples.Core.ApplicationServices.csproj", "{C51ADB8B-F366-458B-AB62-D66A89FFEDD9}"
EndProject
Project("{2150E333-8FDC-42A3-9474-1A3956D46DE8}") = "Data", "Data", "{FFC37C49-A6AD-41DF-B7A7-C4A156F63075}"
EndProject
Project("{FAE04EC0-301F-11D3-BF4B-00C04F79EFBC}") = "Earth.Samples.Infra.Data.Sql.Commands", "samples\2.Infra\Data\Earth.Samples.Infra.Data.Sql.Commands\Earth.Samples.Infra.Data.Sql.Commands.csproj", "{AF533547-BE9D-4BEC-962B-74969FFADB03}"
EndProject
Project("{FAE04EC0-301F-11D3-BF4B-00C04F79EFBC}") = "Earth.Samples.Infra.Data.Sql.Queries", "samples\2.Infra\Data\Earth.Samples.Infra.Data.Sql.Queries\Earth.Samples.Infra.Data.Sql.Queries.csproj", "{86407C47-5856-4AEA-B3ED-DF295FC93E45}"
EndProject
Project("{FAE04EC0-301F-11D3-BF4B-00C04F79EFBC}") = "Earth.Samples.Endpoints.WebApi", "samples\3.EndPoints\Earth.Samples.Endpoints.WebApi\Earth.Samples.Endpoints.WebApi.csproj", "{B34E8506-9F3D-4B84-9909-33C37FE51552}"
EndProject
Project("{FAE04EC0-301F-11D3-BF4B-00C04F79EFBC}") = "Earth.Core.Domain.Toolkits", "src\2.Core\Earth.Core.Domain.Toolkits\Earth.Core.Domain.Toolkits.csproj", "{2EE3E146-D1B8-4A92-AB0F-90544349E2BE}"
EndProject
Global
	GlobalSection(SolutionConfigurationPlatforms) = preSolution
		Debug|Any CPU = Debug|Any CPU
		Release|Any CPU = Release|Any CPU
	EndGlobalSection
	GlobalSection(ProjectConfigurationPlatforms) = postSolution
		{87DA1141-4CD6-424F-8D7F-7D4B103D4ECE}.Debug|Any CPU.ActiveCfg = Debug|Any CPU
		{87DA1141-4CD6-424F-8D7F-7D4B103D4ECE}.Debug|Any CPU.Build.0 = Debug|Any CPU
		{87DA1141-4CD6-424F-8D7F-7D4B103D4ECE}.Release|Any CPU.ActiveCfg = Release|Any CPU
		{87DA1141-4CD6-424F-8D7F-7D4B103D4ECE}.Release|Any CPU.Build.0 = Release|Any CPU
		{70482B12-6FE4-4885-8EF7-36ABC7BC0A44}.Debug|Any CPU.ActiveCfg = Debug|Any CPU
		{70482B12-6FE4-4885-8EF7-36ABC7BC0A44}.Debug|Any CPU.Build.0 = Debug|Any CPU
		{70482B12-6FE4-4885-8EF7-36ABC7BC0A44}.Release|Any CPU.ActiveCfg = Release|Any CPU
		{70482B12-6FE4-4885-8EF7-36ABC7BC0A44}.Release|Any CPU.Build.0 = Release|Any CPU
		{87E67C33-74AF-406D-8FAB-DA83D763CB04}.Debug|Any CPU.ActiveCfg = Debug|Any CPU
		{87E67C33-74AF-406D-8FAB-DA83D763CB04}.Debug|Any CPU.Build.0 = Debug|Any CPU
		{87E67C33-74AF-406D-8FAB-DA83D763CB04}.Release|Any CPU.ActiveCfg = Release|Any CPU
		{87E67C33-74AF-406D-8FAB-DA83D763CB04}.Release|Any CPU.Build.0 = Release|Any CPU
		{DD89CFBA-C3C1-46BB-A639-35A54472859F}.Debug|Any CPU.ActiveCfg = Debug|Any CPU
		{DD89CFBA-C3C1-46BB-A639-35A54472859F}.Debug|Any CPU.Build.0 = Debug|Any CPU
		{DD89CFBA-C3C1-46BB-A639-35A54472859F}.Release|Any CPU.ActiveCfg = Release|Any CPU
		{DD89CFBA-C3C1-46BB-A639-35A54472859F}.Release|Any CPU.Build.0 = Release|Any CPU
		{C54F1375-853C-4839-BDFD-F5088515862C}.Debug|Any CPU.ActiveCfg = Debug|Any CPU
		{C54F1375-853C-4839-BDFD-F5088515862C}.Debug|Any CPU.Build.0 = Debug|Any CPU
		{C54F1375-853C-4839-BDFD-F5088515862C}.Release|Any CPU.ActiveCfg = Release|Any CPU
		{C54F1375-853C-4839-BDFD-F5088515862C}.Release|Any CPU.Build.0 = Release|Any CPU
		{72D0F2EF-2B12-46E3-A2B7-FC47B658C74D}.Debug|Any CPU.ActiveCfg = Debug|Any CPU
		{72D0F2EF-2B12-46E3-A2B7-FC47B658C74D}.Debug|Any CPU.Build.0 = Debug|Any CPU
		{72D0F2EF-2B12-46E3-A2B7-FC47B658C74D}.Release|Any CPU.ActiveCfg = Release|Any CPU
		{72D0F2EF-2B12-46E3-A2B7-FC47B658C74D}.Release|Any CPU.Build.0 = Release|Any CPU
		{EFCC0646-42DE-47A9-A76D-B0A1B86C5809}.Debug|Any CPU.ActiveCfg = Debug|Any CPU
		{EFCC0646-42DE-47A9-A76D-B0A1B86C5809}.Debug|Any CPU.Build.0 = Debug|Any CPU
		{EFCC0646-42DE-47A9-A76D-B0A1B86C5809}.Release|Any CPU.ActiveCfg = Release|Any CPU
		{EFCC0646-42DE-47A9-A76D-B0A1B86C5809}.Release|Any CPU.Build.0 = Release|Any CPU
		{BE7F0336-08AC-463C-9290-45A69C5B696C}.Debug|Any CPU.ActiveCfg = Debug|Any CPU
		{BE7F0336-08AC-463C-9290-45A69C5B696C}.Debug|Any CPU.Build.0 = Debug|Any CPU
		{BE7F0336-08AC-463C-9290-45A69C5B696C}.Release|Any CPU.ActiveCfg = Release|Any CPU
		{BE7F0336-08AC-463C-9290-45A69C5B696C}.Release|Any CPU.Build.0 = Release|Any CPU
		{21BE85B3-A669-4CCE-B13B-DADABCD84F5C}.Debug|Any CPU.ActiveCfg = Debug|Any CPU
		{21BE85B3-A669-4CCE-B13B-DADABCD84F5C}.Debug|Any CPU.Build.0 = Debug|Any CPU
		{21BE85B3-A669-4CCE-B13B-DADABCD84F5C}.Release|Any CPU.ActiveCfg = Release|Any CPU
		{21BE85B3-A669-4CCE-B13B-DADABCD84F5C}.Release|Any CPU.Build.0 = Release|Any CPU
		{1B50F7DC-1CAD-425A-B4F3-92821F22E3BC}.Debug|Any CPU.ActiveCfg = Debug|Any CPU
		{1B50F7DC-1CAD-425A-B4F3-92821F22E3BC}.Debug|Any CPU.Build.0 = Debug|Any CPU
		{1B50F7DC-1CAD-425A-B4F3-92821F22E3BC}.Release|Any CPU.ActiveCfg = Release|Any CPU
		{1B50F7DC-1CAD-425A-B4F3-92821F22E3BC}.Release|Any CPU.Build.0 = Release|Any CPU
		{C51ADB8B-F366-458B-AB62-D66A89FFEDD9}.Debug|Any CPU.ActiveCfg = Debug|Any CPU
		{C51ADB8B-F366-458B-AB62-D66A89FFEDD9}.Debug|Any CPU.Build.0 = Debug|Any CPU
		{C51ADB8B-F366-458B-AB62-D66A89FFEDD9}.Release|Any CPU.ActiveCfg = Release|Any CPU
		{C51ADB8B-F366-458B-AB62-D66A89FFEDD9}.Release|Any CPU.Build.0 = Release|Any CPU
		{AF533547-BE9D-4BEC-962B-74969FFADB03}.Debug|Any CPU.ActiveCfg = Debug|Any CPU
		{AF533547-BE9D-4BEC-962B-74969FFADB03}.Debug|Any CPU.Build.0 = Debug|Any CPU
		{AF533547-BE9D-4BEC-962B-74969FFADB03}.Release|Any CPU.ActiveCfg = Release|Any CPU
		{AF533547-BE9D-4BEC-962B-74969FFADB03}.Release|Any CPU.Build.0 = Release|Any CPU
		{86407C47-5856-4AEA-B3ED-DF295FC93E45}.Debug|Any CPU.ActiveCfg = Debug|Any CPU
		{86407C47-5856-4AEA-B3ED-DF295FC93E45}.Debug|Any CPU.Build.0 = Debug|Any CPU
		{86407C47-5856-4AEA-B3ED-DF295FC93E45}.Release|Any CPU.ActiveCfg = Release|Any CPU
		{86407C47-5856-4AEA-B3ED-DF295FC93E45}.Release|Any CPU.Build.0 = Release|Any CPU
		{B34E8506-9F3D-4B84-9909-33C37FE51552}.Debug|Any CPU.ActiveCfg = Debug|Any CPU
		{B34E8506-9F3D-4B84-9909-33C37FE51552}.Debug|Any CPU.Build.0 = Debug|Any CPU
		{B34E8506-9F3D-4B84-9909-33C37FE51552}.Release|Any CPU.ActiveCfg = Release|Any CPU
		{B34E8506-9F3D-4B84-9909-33C37FE51552}.Release|Any CPU.Build.0 = Release|Any CPU
		{2EE3E146-D1B8-4A92-AB0F-90544349E2BE}.Debug|Any CPU.ActiveCfg = Debug|Any CPU
		{2EE3E146-D1B8-4A92-AB0F-90544349E2BE}.Debug|Any CPU.Build.0 = Debug|Any CPU
		{2EE3E146-D1B8-4A92-AB0F-90544349E2BE}.Release|Any CPU.ActiveCfg = Release|Any CPU
		{2EE3E146-D1B8-4A92-AB0F-90544349E2BE}.Release|Any CPU.Build.0 = Release|Any CPU
	EndGlobalSection
	GlobalSection(SolutionProperties) = preSolution
		HideSolutionNode = FALSE
	EndGlobalSection
	GlobalSection(NestedProjects) = preSolution
		{21E22193-219F-45C0-8737-F3E5BDA11E25} = {C45A6A4F-EA86-40B3-BBE3-35BCC342F686}
		{68F813A6-DA3C-4BCF-BAF9-8FCBB6F824C0} = {C45A6A4F-EA86-40B3-BBE3-35BCC342F686}
		{5C546009-158B-4E04-9F3D-C4943859C21D} = {C45A6A4F-EA86-40B3-BBE3-35BCC342F686}
		{09DCB7D4-B1E0-4BCA-8650-8C921C3F4CA3} = {C45A6A4F-EA86-40B3-BBE3-35BCC342F686}
		{A1F893F7-6FF0-4023-BCCB-E33A29EA1CCB} = {D7F25E1E-24E9-4531-BAEA-2DBF22E6D155}
		{E8B60F9D-B2BB-4753-94F6-32BB64189A34} = {D7F25E1E-24E9-4531-BAEA-2DBF22E6D155}
		{09EAD1A0-99C1-4E9E-8C2E-6E93A56F18E7} = {D7F25E1E-24E9-4531-BAEA-2DBF22E6D155}
		{4C877E3F-56AD-4795-894B-885ED66665AF} = {5C546009-158B-4E04-9F3D-C4943859C21D}
		{87DA1141-4CD6-424F-8D7F-7D4B103D4ECE} = {21E22193-219F-45C0-8737-F3E5BDA11E25}
		{70482B12-6FE4-4885-8EF7-36ABC7BC0A44} = {68F813A6-DA3C-4BCF-BAF9-8FCBB6F824C0}
		{87E67C33-74AF-406D-8FAB-DA83D763CB04} = {68F813A6-DA3C-4BCF-BAF9-8FCBB6F824C0}
		{DD89CFBA-C3C1-46BB-A639-35A54472859F} = {68F813A6-DA3C-4BCF-BAF9-8FCBB6F824C0}
		{C54F1375-853C-4839-BDFD-F5088515862C} = {4C877E3F-56AD-4795-894B-885ED66665AF}
		{72D0F2EF-2B12-46E3-A2B7-FC47B658C74D} = {4C877E3F-56AD-4795-894B-885ED66665AF}
		{EFCC0646-42DE-47A9-A76D-B0A1B86C5809} = {4C877E3F-56AD-4795-894B-885ED66665AF}
		{BE7F0336-08AC-463C-9290-45A69C5B696C} = {09DCB7D4-B1E0-4BCA-8650-8C921C3F4CA3}
		{21BE85B3-A669-4CCE-B13B-DADABCD84F5C} = {A1F893F7-6FF0-4023-BCCB-E33A29EA1CCB}
		{1B50F7DC-1CAD-425A-B4F3-92821F22E3BC} = {A1F893F7-6FF0-4023-BCCB-E33A29EA1CCB}
		{C51ADB8B-F366-458B-AB62-D66A89FFEDD9} = {A1F893F7-6FF0-4023-BCCB-E33A29EA1CCB}
		{FFC37C49-A6AD-41DF-B7A7-C4A156F63075} = {E8B60F9D-B2BB-4753-94F6-32BB64189A34}
		{AF533547-BE9D-4BEC-962B-74969FFADB03} = {FFC37C49-A6AD-41DF-B7A7-C4A156F63075}
		{86407C47-5856-4AEA-B3ED-DF295FC93E45} = {FFC37C49-A6AD-41DF-B7A7-C4A156F63075}
		{B34E8506-9F3D-4B84-9909-33C37FE51552} = {09EAD1A0-99C1-4E9E-8C2E-6E93A56F18E7}
		{2EE3E146-D1B8-4A92-AB0F-90544349E2BE} = {68F813A6-DA3C-4BCF-BAF9-8FCBB6F824C0}
	EndGlobalSection
	GlobalSection(ExtensibilityGlobals) = postSolution
		SolutionGuid = {1C6AB941-6CA7-4163-9CEC-8606D181636E}
	EndGlobalSection
EndGlobal
