
Microsoft Visual Studio Solution File, Format Version 12.00
# Visual Studio Version 17
VisualStudioVersion = 17.2.32630.192
MinimumVisualStudioVersion = 10.0.40219.1
Project("{FAE04EC0-301F-11D3-BF4B-00C04F79EFBC}") = "CalcSample.Domain", "CalcSample.Domain\CalcSample.Domain.csproj", "{38DCFA8F-8CB5-41E6-94DB-7B85035F69DE}"
EndProject
Project("{FAE04EC0-301F-11D3-BF4B-00C04F79EFBC}") = "CalcSample.Domain.Test", "CalcSample.Domain.Test\CalcSample.Domain.Test.csproj", "{526F99DF-F319-43E3-A3F4-8E3389419505}"
EndProject
Global
	GlobalSection(SolutionConfigurationPlatforms) = preSolution
		Debug|Any CPU = Debug|Any CPU
		Release|Any CPU = Release|Any CPU
	EndGlobalSection
	GlobalSection(ProjectConfigurationPlatforms) = postSolution
		{38DCFA8F-8CB5-41E6-94DB-7B85035F69DE}.Debug|Any CPU.ActiveCfg = Debug|Any CPU
		{38DCFA8F-8CB5-41E6-94DB-7B85035F69DE}.Debug|Any CPU.Build.0 = Debug|Any CPU
		{38DCFA8F-8CB5-41E6-94DB-7B85035F69DE}.Release|Any CPU.ActiveCfg = Release|Any CPU
		{38DCFA8F-8CB5-41E6-94DB-7B85035F69DE}.Release|Any CPU.Build.0 = Release|Any CPU
		{526F99DF-F319-43E3-A3F4-8E3389419505}.Debug|Any CPU.ActiveCfg = Debug|Any CPU
		{526F99DF-F319-43E3-A3F4-8E3389419505}.Debug|Any CPU.Build.0 = Debug|Any CPU
		{526F99DF-F319-43E3-A3F4-8E3389419505}.Release|Any CPU.ActiveCfg = Release|Any CPU
		{526F99DF-F319-43E3-A3F4-8E3389419505}.Release|Any CPU.Build.0 = Release|Any CPU
	EndGlobalSection
	GlobalSection(SolutionProperties) = preSolution
		HideSolutionNode = FALSE
	EndGlobalSection
	GlobalSection(ExtensibilityGlobals) = postSolution
		SolutionGuid = {8F15375C-DEE8-439E-BD12-54D603B14D70}
	EndGlobalSection
EndGlobal
